// !$*UTF8*$!
{
	archiveVersion = 1;
	classes = {
	};
	objectVersion = 50;
	objects = {

/* Begin PBXBuildFile section */
		AE8C2B4F2550833D003CFA32 /* AppDelegate.swift in Sources */ = {isa = PBXBuildFile; fileRef = AE8C2B4E2550833D003CFA32 /* AppDelegate.swift */; };
		AE8C2B512550833D003CFA32 /* SceneDelegate.swift in Sources */ = {isa = PBXBuildFile; fileRef = AE8C2B502550833D003CFA32 /* SceneDelegate.swift */; };
		AE8C2B532550833D003CFA32 /* ViewController.swift in Sources */ = {isa = PBXBuildFile; fileRef = AE8C2B522550833D003CFA32 /* ViewController.swift */; };
		AE8C2B562550833D003CFA32 /* Main.storyboard in Resources */ = {isa = PBXBuildFile; fileRef = AE8C2B542550833D003CFA32 /* Main.storyboard */; };
		AE8C2B582550833E003CFA32 /* Assets.xcassets in Resources */ = {isa = PBXBuildFile; fileRef = AE8C2B572550833E003CFA32 /* Assets.xcassets */; };
		AE8C2B5B2550833E003CFA32 /* LaunchScreen.storyboard in Resources */ = {isa = PBXBuildFile; fileRef = AE8C2B592550833E003CFA32 /* LaunchScreen.storyboard */; };
		AE8C2B65255087C0003CFA32 /* Artist.swift in Sources */ = {isa = PBXBuildFile; fileRef = AE8C2B64255087C0003CFA32 /* Artist.swift */; };
		AE8C2B68255087E8003CFA32 /* Track.swift in Sources */ = {isa = PBXBuildFile; fileRef = AE8C2B67255087E8003CFA32 /* Track.swift */; };
		AE8C2B6C255089E5003CFA32 /* SearchArtistResponse.swift in Sources */ = {isa = PBXBuildFile; fileRef = AE8C2B6B255089E5003CFA32 /* SearchArtistResponse.swift */; };
		AE8C2B6F25508C79003CFA32 /* LockupTracksArtistResponse.swift in Sources */ = {isa = PBXBuildFile; fileRef = AE8C2B6E25508C79003CFA32 /* LockupTracksArtistResponse.swift */; };
		AE8C2B73255091D4003CFA32 /* ItunesAPI.swift in Sources */ = {isa = PBXBuildFile; fileRef = AE8C2B72255091D4003CFA32 /* ItunesAPI.swift */; };
		AE8C2B7A255093B4003CFA32 /* Response.swift in Sources */ = {isa = PBXBuildFile; fileRef = AE8C2B79255093B4003CFA32 /* Response.swift */; };
		AE8C2B7D2551DB58003CFA32 /* Network.swift in Sources */ = {isa = PBXBuildFile; fileRef = AE8C2B7C2551DB57003CFA32 /* Network.swift */; };
		AE8C2B802551E415003CFA32 /* UseCase.swift in Sources */ = {isa = PBXBuildFile; fileRef = AE8C2B7F2551E415003CFA32 /* UseCase.swift */; };
/* End PBXBuildFile section */

/* Begin PBXFileReference section */
		AE8C2B4B2550833D003CFA32 /* iTunes-Demo.app */ = {isa = PBXFileReference; explicitFileType = wrapper.application; includeInIndex = 0; path = "iTunes-Demo.app"; sourceTree = BUILT_PRODUCTS_DIR; };
		AE8C2B4E2550833D003CFA32 /* AppDelegate.swift */ = {isa = PBXFileReference; lastKnownFileType = sourcecode.swift; path = AppDelegate.swift; sourceTree = "<group>"; };
		AE8C2B502550833D003CFA32 /* SceneDelegate.swift */ = {isa = PBXFileReference; lastKnownFileType = sourcecode.swift; path = SceneDelegate.swift; sourceTree = "<group>"; };
		AE8C2B522550833D003CFA32 /* ViewController.swift */ = {isa = PBXFileReference; lastKnownFileType = sourcecode.swift; path = ViewController.swift; sourceTree = "<group>"; };
		AE8C2B552550833D003CFA32 /* Base */ = {isa = PBXFileReference; lastKnownFileType = file.storyboard; name = Base; path = Base.lproj/Main.storyboard; sourceTree = "<group>"; };
		AE8C2B572550833E003CFA32 /* Assets.xcassets */ = {isa = PBXFileReference; lastKnownFileType = folder.assetcatalog; path = Assets.xcassets; sourceTree = "<group>"; };
		AE8C2B5A2550833E003CFA32 /* Base */ = {isa = PBXFileReference; lastKnownFileType = file.storyboard; name = Base; path = Base.lproj/LaunchScreen.storyboard; sourceTree = "<group>"; };
		AE8C2B5C2550833E003CFA32 /* Info.plist */ = {isa = PBXFileReference; lastKnownFileType = text.plist.xml; path = Info.plist; sourceTree = "<group>"; };
		AE8C2B64255087C0003CFA32 /* Artist.swift */ = {isa = PBXFileReference; lastKnownFileType = sourcecode.swift; path = Artist.swift; sourceTree = "<group>"; };
		AE8C2B67255087E8003CFA32 /* Track.swift */ = {isa = PBXFileReference; lastKnownFileType = sourcecode.swift; path = Track.swift; sourceTree = "<group>"; };
		AE8C2B6B255089E5003CFA32 /* SearchArtistResponse.swift */ = {isa = PBXFileReference; lastKnownFileType = sourcecode.swift; path = SearchArtistResponse.swift; sourceTree = "<group>"; };
		AE8C2B6E25508C79003CFA32 /* LockupTracksArtistResponse.swift */ = {isa = PBXFileReference; lastKnownFileType = sourcecode.swift; path = LockupTracksArtistResponse.swift; sourceTree = "<group>"; };
		AE8C2B72255091D4003CFA32 /* ItunesAPI.swift */ = {isa = PBXFileReference; lastKnownFileType = sourcecode.swift; path = ItunesAPI.swift; sourceTree = "<group>"; };
		AE8C2B79255093B4003CFA32 /* Response.swift */ = {isa = PBXFileReference; lastKnownFileType = sourcecode.swift; path = Response.swift; sourceTree = "<group>"; };
		AE8C2B7C2551DB57003CFA32 /* Network.swift */ = {isa = PBXFileReference; lastKnownFileType = sourcecode.swift; path = Network.swift; sourceTree = "<group>"; };
		AE8C2B7F2551E415003CFA32 /* UseCase.swift */ = {isa = PBXFileReference; lastKnownFileType = sourcecode.swift; path = UseCase.swift; sourceTree = "<group>"; };
/* End PBXFileReference section */

/* Begin PBXFrameworksBuildPhase section */
		AE8C2B482550833D003CFA32 /* Frameworks */ = {
			isa = PBXFrameworksBuildPhase;
			buildActionMask = 2147483647;
			files = (
			);
			runOnlyForDeploymentPostprocessing = 0;
		};
/* End PBXFrameworksBuildPhase section */

/* Begin PBXGroup section */
		AE8C2B422550833D003CFA32 = {
			isa = PBXGroup;
			children = (
				AE8C2B4D2550833D003CFA32 /* iTunes-Demo */,
				AE8C2B4C2550833D003CFA32 /* Products */,
			);
			sourceTree = "<group>";
		};
		AE8C2B4C2550833D003CFA32 /* Products */ = {
			isa = PBXGroup;
			children = (
				AE8C2B4B2550833D003CFA32 /* iTunes-Demo.app */,
			);
			name = Products;
			sourceTree = "<group>";
		};
		AE8C2B4D2550833D003CFA32 /* iTunes-Demo */ = {
			isa = PBXGroup;
			children = (
				AE8C2B71255091BC003CFA32 /* API */,
				AE8C2B78255093A3003CFA32 /* Response */,
				AE8C2B63255087A7003CFA32 /* Entities */,
				AE8C2B7F2551E415003CFA32 /* UseCase.swift */,
				AE8C2B522550833D003CFA32 /* ViewController.swift */,
				AE8C2B4E2550833D003CFA32 /* AppDelegate.swift */,
				AE8C2B502550833D003CFA32 /* SceneDelegate.swift */,
				AE8C2B542550833D003CFA32 /* Main.storyboard */,
				AE8C2B572550833E003CFA32 /* Assets.xcassets */,
				AE8C2B592550833E003CFA32 /* LaunchScreen.storyboard */,
				AE8C2B5C2550833E003CFA32 /* Info.plist */,
			);
			path = "iTunes-Demo";
			sourceTree = "<group>";
		};
		AE8C2B63255087A7003CFA32 /* Entities */ = {
			isa = PBXGroup;
			children = (
				AE8C2B64255087C0003CFA32 /* Artist.swift */,
				AE8C2B67255087E8003CFA32 /* Track.swift */,
			);
			path = Entities;
			sourceTree = "<group>";
		};
		AE8C2B71255091BC003CFA32 /* API */ = {
			isa = PBXGroup;
			children = (
				AE8C2B72255091D4003CFA32 /* ItunesAPI.swift */,
				AE8C2B7C2551DB57003CFA32 /* Network.swift */,
			);
			path = API;
			sourceTree = "<group>";
		};
		AE8C2B78255093A3003CFA32 /* Response */ = {
			isa = PBXGroup;
			children = (
				AE8C2B79255093B4003CFA32 /* Response.swift */,
				AE8C2B6B255089E5003CFA32 /* SearchArtistResponse.swift */,
				AE8C2B6E25508C79003CFA32 /* LockupTracksArtistResponse.swift */,
			);
			path = Response;
			sourceTree = "<group>";
		};
/* End PBXGroup section */

/* Begin PBXNativeTarget section */
		AE8C2B4A2550833D003CFA32 /* iTunes-Demo */ = {
			isa = PBXNativeTarget;
			buildConfigurationList = AE8C2B5F2550833E003CFA32 /* Build configuration list for PBXNativeTarget "iTunes-Demo" */;
			buildPhases = (
				AE8C2B472550833D003CFA32 /* Sources */,
				AE8C2B482550833D003CFA32 /* Frameworks */,
				AE8C2B492550833D003CFA32 /* Resources */,
			);
			buildRules = (
			);
			dependencies = (
			);
			name = "iTunes-Demo";
			productName = "iTunes-Demo";
			productReference = AE8C2B4B2550833D003CFA32 /* iTunes-Demo.app */;
			productType = "com.apple.product-type.application";
		};
/* End PBXNativeTarget section */

/* Begin PBXProject section */
		AE8C2B432550833D003CFA32 /* Project object */ = {
			isa = PBXProject;
			attributes = {
				LastSwiftUpdateCheck = 1210;
				LastUpgradeCheck = 1210;
				TargetAttributes = {
					AE8C2B4A2550833D003CFA32 = {
						CreatedOnToolsVersion = 12.1;
					};
				};
			};
			buildConfigurationList = AE8C2B462550833D003CFA32 /* Build configuration list for PBXProject "iTunes-Demo" */;
			compatibilityVersion = "Xcode 9.3";
			developmentRegion = en;
			hasScannedForEncodings = 0;
			knownRegions = (
				en,
				Base,
			);
			mainGroup = AE8C2B422550833D003CFA32;
			productRefGroup = AE8C2B4C2550833D003CFA32 /* Products */;
			projectDirPath = "";
			projectRoot = "";
			targets = (
				AE8C2B4A2550833D003CFA32 /* iTunes-Demo */,
			);
		};
/* End PBXProject section */

/* Begin PBXResourcesBuildPhase section */
		AE8C2B492550833D003CFA32 /* Resources */ = {
			isa = PBXResourcesBuildPhase;
			buildActionMask = 2147483647;
			files = (
				AE8C2B5B2550833E003CFA32 /* LaunchScreen.storyboard in Resources */,
				AE8C2B582550833E003CFA32 /* Assets.xcassets in Resources */,
				AE8C2B562550833D003CFA32 /* Main.storyboard in Resources */,
			);
			runOnlyForDeploymentPostprocessing = 0;
		};
/* End PBXResourcesBuildPhase section */

/* Begin PBXSourcesBuildPhase section */
		AE8C2B472550833D003CFA32 /* Sources */ = {
			isa = PBXSourcesBuildPhase;
			buildActionMask = 2147483647;
			files = (
				AE8C2B7D2551DB58003CFA32 /* Network.swift in Sources */,
				AE8C2B532550833D003CFA32 /* ViewController.swift in Sources */,
				AE8C2B68255087E8003CFA32 /* Track.swift in Sources */,
				AE8C2B6C255089E5003CFA32 /* SearchArtistResponse.swift in Sources */,
				AE8C2B6F25508C79003CFA32 /* LockupTracksArtistResponse.swift in Sources */,
				AE8C2B802551E415003CFA32 /* UseCase.swift in Sources */,
				AE8C2B7A255093B4003CFA32 /* Response.swift in Sources */,
				AE8C2B73255091D4003CFA32 /* ItunesAPI.swift in Sources */,
				AE8C2B4F2550833D003CFA32 /* AppDelegate.swift in Sources */,
				AE8C2B65255087C0003CFA32 /* Artist.swift in Sources */,
				AE8C2B512550833D003CFA32 /* SceneDelegate.swift in Sources */,
			);
			runOnlyForDeploymentPostprocessing = 0;
		};
/* End PBXSourcesBuildPhase section */

/* Begin PBXVariantGroup section */
		AE8C2B542550833D003CFA32 /* Main.storyboard */ = {
			isa = PBXVariantGroup;
			children = (
				AE8C2B552550833D003CFA32 /* Base */,
			);
			name = Main.storyboard;
			sourceTree = "<group>";
		};
		AE8C2B592550833E003CFA32 /* LaunchScreen.storyboard */ = {
			isa = PBXVariantGroup;
			children = (
				AE8C2B5A2550833E003CFA32 /* Base */,
			);
			name = LaunchScreen.storyboard;
			sourceTree = "<group>";
		};
/* End PBXVariantGroup section */

/* Begin XCBuildConfiguration section */
		AE8C2B5D2550833E003CFA32 /* Debug */ = {
			isa = XCBuildConfiguration;
			buildSettings = {
				ALWAYS_SEARCH_USER_PATHS = NO;
				CLANG_ANALYZER_NONNULL = YES;
				CLANG_ANALYZER_NUMBER_OBJECT_CONVERSION = YES_AGGRESSIVE;
				CLANG_CXX_LANGUAGE_STANDARD = "gnu++14";
				CLANG_CXX_LIBRARY = "libc++";
				CLANG_ENABLE_MODULES = YES;
				CLANG_ENABLE_OBJC_ARC = YES;
				CLANG_ENABLE_OBJC_WEAK = YES;
				CLANG_WARN_BLOCK_CAPTURE_AUTORELEASING = YES;
				CLANG_WARN_BOOL_CONVERSION = YES;
				CLANG_WARN_COMMA = YES;
				CLANG_WARN_CONSTANT_CONVERSION = YES;
				CLANG_WARN_DEPRECATED_OBJC_IMPLEMENTATIONS = YES;
				CLANG_WARN_DIRECT_OBJC_ISA_USAGE = YES_ERROR;
				CLANG_WARN_DOCUMENTATION_COMMENTS = YES;
				CLANG_WARN_EMPTY_BODY = YES;
				CLANG_WARN_ENUM_CONVERSION = YES;
				CLANG_WARN_INFINITE_RECURSION = YES;
				CLANG_WARN_INT_CONVERSION = YES;
				CLANG_WARN_NON_LITERAL_NULL_CONVERSION = YES;
				CLANG_WARN_OBJC_IMPLICIT_RETAIN_SELF = YES;
				CLANG_WARN_OBJC_LITERAL_CONVERSION = YES;
				CLANG_WARN_OBJC_ROOT_CLASS = YES_ERROR;
				CLANG_WARN_QUOTED_INCLUDE_IN_FRAMEWORK_HEADER = YES;
				CLANG_WARN_RANGE_LOOP_ANALYSIS = YES;
				CLANG_WARN_STRICT_PROTOTYPES = YES;
				CLANG_WARN_SUSPICIOUS_MOVE = YES;
				CLANG_WARN_UNGUARDED_AVAILABILITY = YES_AGGRESSIVE;
				CLANG_WARN_UNREACHABLE_CODE = YES;
				CLANG_WARN__DUPLICATE_METHOD_MATCH = YES;
				COPY_PHASE_STRIP = NO;
				DEBUG_INFORMATION_FORMAT = dwarf;
				ENABLE_STRICT_OBJC_MSGSEND = YES;
				ENABLE_TESTABILITY = YES;
				GCC_C_LANGUAGE_STANDARD = gnu11;
				GCC_DYNAMIC_NO_PIC = NO;
				GCC_NO_COMMON_BLOCKS = YES;
				GCC_OPTIMIZATION_LEVEL = 0;
				GCC_PREPROCESSOR_DEFINITIONS = (
					"DEBUG=1",
					"$(inherited)",
				);
				GCC_WARN_64_TO_32_BIT_CONVERSION = YES;
				GCC_WARN_ABOUT_RETURN_TYPE = YES_ERROR;
				GCC_WARN_UNDECLARED_SELECTOR = YES;
				GCC_WARN_UNINITIALIZED_AUTOS = YES_AGGRESSIVE;
				GCC_WARN_UNUSED_FUNCTION = YES;
				GCC_WARN_UNUSED_VARIABLE = YES;
				IPHONEOS_DEPLOYMENT_TARGET = 14.1;
				MTL_ENABLE_DEBUG_INFO = INCLUDE_SOURCE;
				MTL_FAST_MATH = YES;
				ONLY_ACTIVE_ARCH = YES;
				SDKROOT = iphoneos;
				SWIFT_ACTIVE_COMPILATION_CONDITIONS = DEBUG;
				SWIFT_OPTIMIZATION_LEVEL = "-Onone";
			};
			name = Debug;
		};
		AE8C2B5E2550833E003CFA32 /* Release */ = {
			isa = XCBuildConfiguration;
			buildSettings = {
				ALWAYS_SEARCH_USER_PATHS = NO;
				CLANG_ANALYZER_NONNULL = YES;
				CLANG_ANALYZER_NUMBER_OBJECT_CONVERSION = YES_AGGRESSIVE;
				CLANG_CXX_LANGUAGE_STANDARD = "gnu++14";
				CLANG_CXX_LIBRARY = "libc++";
				CLANG_ENABLE_MODULES = YES;
				CLANG_ENABLE_OBJC_ARC = YES;
				CLANG_ENABLE_OBJC_WEAK = YES;
				CLANG_WARN_BLOCK_CAPTURE_AUTORELEASING = YES;
				CLANG_WARN_BOOL_CONVERSION = YES;
				CLANG_WARN_COMMA = YES;
				CLANG_WARN_CONSTANT_CONVERSION = YES;
				CLANG_WARN_DEPRECATED_OBJC_IMPLEMENTATIONS = YES;
				CLANG_WARN_DIRECT_OBJC_ISA_USAGE = YES_ERROR;
				CLANG_WARN_DOCUMENTATION_COMMENTS = YES;
				CLANG_WARN_EMPTY_BODY = YES;
				CLANG_WARN_ENUM_CONVERSION = YES;
				CLANG_WARN_INFINITE_RECURSION = YES;
				CLANG_WARN_INT_CONVERSION = YES;
				CLANG_WARN_NON_LITERAL_NULL_CONVERSION = YES;
				CLANG_WARN_OBJC_IMPLICIT_RETAIN_SELF = YES;
				CLANG_WARN_OBJC_LITERAL_CONVERSION = YES;
				CLANG_WARN_OBJC_ROOT_CLASS = YES_ERROR;
				CLANG_WARN_QUOTED_INCLUDE_IN_FRAMEWORK_HEADER = YES;
				CLANG_WARN_RANGE_LOOP_ANALYSIS = YES;
				CLANG_WARN_STRICT_PROTOTYPES = YES;
				CLANG_WARN_SUSPICIOUS_MOVE = YES;
				CLANG_WARN_UNGUARDED_AVAILABILITY = YES_AGGRESSIVE;
				CLANG_WARN_UNREACHABLE_CODE = YES;
				CLANG_WARN__DUPLICATE_METHOD_MATCH = YES;
				COPY_PHASE_STRIP = NO;
				DEBUG_INFORMATION_FORMAT = "dwarf-with-dsym";
				ENABLE_NS_ASSERTIONS = NO;
				ENABLE_STRICT_OBJC_MSGSEND = YES;
				GCC_C_LANGUAGE_STANDARD = gnu11;
				GCC_NO_COMMON_BLOCKS = YES;
				GCC_WARN_64_TO_32_BIT_CONVERSION = YES;
				GCC_WARN_ABOUT_RETURN_TYPE = YES_ERROR;
				GCC_WARN_UNDECLARED_SELECTOR = YES;
				GCC_WARN_UNINITIALIZED_AUTOS = YES_AGGRESSIVE;
				GCC_WARN_UNUSED_FUNCTION = YES;
				GCC_WARN_UNUSED_VARIABLE = YES;
				IPHONEOS_DEPLOYMENT_TARGET = 14.1;
				MTL_ENABLE_DEBUG_INFO = NO;
				MTL_FAST_MATH = YES;
				SDKROOT = iphoneos;
				SWIFT_COMPILATION_MODE = wholemodule;
				SWIFT_OPTIMIZATION_LEVEL = "-O";
				VALIDATE_PRODUCT = YES;
			};
			name = Release;
		};
		AE8C2B602550833E003CFA32 /* Debug */ = {
			isa = XCBuildConfiguration;
			buildSettings = {
				ASSETCATALOG_COMPILER_APPICON_NAME = AppIcon;
				ASSETCATALOG_COMPILER_GLOBAL_ACCENT_COLOR_NAME = AccentColor;
				CODE_SIGN_STYLE = Automatic;
				DEVELOPMENT_TEAM = 9KPUHUQUF7;
				INFOPLIST_FILE = "iTunes-Demo/Info.plist";
				LD_RUNPATH_SEARCH_PATHS = (
					"$(inherited)",
					"@executable_path/Frameworks",
				);
				PRODUCT_BUNDLE_IDENTIFIER = "cl.mzapata.iTunes-Demo";
				PRODUCT_NAME = "$(TARGET_NAME)";
				SWIFT_VERSION = 5.0;
				TARGETED_DEVICE_FAMILY = "1,2";
			};
			name = Debug;
		};
		AE8C2B612550833E003CFA32 /* Release */ = {
			isa = XCBuildConfiguration;
			buildSettings = {
				ASSETCATALOG_COMPILER_APPICON_NAME = AppIcon;
				ASSETCATALOG_COMPILER_GLOBAL_ACCENT_COLOR_NAME = AccentColor;
				CODE_SIGN_STYLE = Automatic;
				DEVELOPMENT_TEAM = 9KPUHUQUF7;
				INFOPLIST_FILE = "iTunes-Demo/Info.plist";
				LD_RUNPATH_SEARCH_PATHS = (
					"$(inherited)",
					"@executable_path/Frameworks",
				);
				PRODUCT_BUNDLE_IDENTIFIER = "cl.mzapata.iTunes-Demo";
				PRODUCT_NAME = "$(TARGET_NAME)";
				SWIFT_VERSION = 5.0;
				TARGETED_DEVICE_FAMILY = "1,2";
			};
			name = Release;
		};
/* End XCBuildConfiguration section */

/* Begin XCConfigurationList section */
		AE8C2B462550833D003CFA32 /* Build configuration list for PBXProject "iTunes-Demo" */ = {
			isa = XCConfigurationList;
			buildConfigurations = (
				AE8C2B5D2550833E003CFA32 /* Debug */,
				AE8C2B5E2550833E003CFA32 /* Release */,
			);
			defaultConfigurationIsVisible = 0;
			defaultConfigurationName = Release;
		};
		AE8C2B5F2550833E003CFA32 /* Build configuration list for PBXNativeTarget "iTunes-Demo" */ = {
			isa = XCConfigurationList;
			buildConfigurations = (
				AE8C2B602550833E003CFA32 /* Debug */,
				AE8C2B612550833E003CFA32 /* Release */,
			);
			defaultConfigurationIsVisible = 0;
			defaultConfigurationName = Release;
		};
/* End XCConfigurationList section */
	};
	rootObject = AE8C2B432550833D003CFA32 /* Project object */;
}
